PODS:
  - YHTransitionKit (0.1.3):
    - YHTransitionKit/NavigationBar (= 0.1.3)
    - YHTransitionKit/PresentDismiss (= 0.1.3)
  - YHTransitionKit/NavigationBar (0.1.3)
  - YHTransitionKit/PresentDismiss (0.1.3)

DEPENDENCIES:
  - YHTransitionKit (from `../`)

EXTERNAL SOURCES:
  YHTransitionKit:
    :path: "../"

SPEC CHECKSUMS:
  YHTransitionKit: 6c9f21b6b567f768b775db06ca549b112ea248b1

PODFILE CHECKSUM: e929fe987569e2df40293a19025d5b798d3c21cb

COCOAPODS: 1.12.1
